
Microsoft Visual Studio Solution File, Format Version 12.00
Project("{2150E333-8FDC-42A3-9474-1A3956D46DE8}") = "src", "src", "{DDC228B6-C852-4479-A44A-7527051E7A6D}"
EndProject
Project("{FAE04EC0-301F-11D3-BF4B-00C04F79EFBC}") = "MitMediator.AppAuthorize", "src\MitMediator.AppAuthorize\MitMediator.AppAuthorize.csproj", "{FA27803B-B4F2-40EA-A630-3BBA0C77D342}"
EndProject
Project("{2150E333-8FDC-42A3-9474-1A3956D46DE8}") = "samples", "samples", "{E6FB3C94-7B67-49F4-8945-7A729EC7C911}"
EndProject
Project("{FAE04EC0-301F-11D3-BF4B-00C04F79EFBC}") = "SimpleConsoleApp", "samples\SimpleConsoleApp\SimpleConsoleApp.csproj", "{582F5528-473D-4F7F-BCA9-31A8C8C83B9C}"
EndProject
Project("{2150E333-8FDC-42A3-9474-1A3956D46DE8}") = "BooksWebApi", "BooksWebApi", "{2B5E689B-9F60-4F72-8D95-E9BA0C8D1898}"
EndProject
Project("{FAE04EC0-301F-11D3-BF4B-00C04F79EFBC}") = "Books.WebApi.BasicAuthorize", "samples\BooksWebApi\Books.WebApi.BasicAuthorize\Books.WebApi.BasicAuthorize.csproj", "{813DD704-9132-4DDC-9225-400DC539C9A7}"
EndProject
Project("{2150E333-8FDC-42A3-9474-1A3956D46DE8}") = "Core", "Core", "{3FA9B761-0D10-4F43-9845-5BF93BD22FB3}"
EndProject
Project("{FAE04EC0-301F-11D3-BF4B-00C04F79EFBC}") = "MitMediator.AppAuthorize.Web", "src\MitMediator.AppAuthorize.Web\MitMediator.AppAuthorize.Web.csproj", "{5C59864A-7A2A-4CC9-B4B2-EF13293C6345}"
EndProject
Project("{FAE04EC0-301F-11D3-BF4B-00C04F79EFBC}") = "SimpleWebApiBasicAuth", "samples\SimpleWebApiBasicAuth\SimpleWebApiBasicAuth.csproj", "{CF9896A3-577E-4C50-8531-F5F1FF0FA552}"
EndProject
Project("{FAE04EC0-301F-11D3-BF4B-00C04F79EFBC}") = "SimpleWebApiJwtAuth", "samples\SimpleWebApiJwtAuth\SimpleWebApiJwtAuth.csproj", "{48634015-6C64-4A13-84F5-169D46FD626F}"
EndProject
Project("{FAE04EC0-301F-11D3-BF4B-00C04F79EFBC}") = "Books.WebApi.JwtBearerAuthorize", "samples\BooksWebApi\Books.WebApi.JwtBearerAuthorize\Books.WebApi.JwtBearerAuthorize.csproj", "{1B714A14-9325-4C8D-B2CC-349BE707BC17}"
EndProject
Project("{FAE04EC0-301F-11D3-BF4B-00C04F79EFBC}") = "Books.Domain", "samples\BooksWebApi\Core\Books.Domain\Books.Domain.csproj", "{43D69468-FA3A-4442-9743-260DC3EDB4EA}"
EndProject
Project("{FAE04EC0-301F-11D3-BF4B-00C04F79EFBC}") = "Books.Application", "samples\BooksWebApi\Core\Books.Application\Books.Application.csproj", "{0AA21585-C6A2-4024-91E2-7469BC5E0837}"
EndProject
Project("{FAE04EC0-301F-11D3-BF4B-00C04F79EFBC}") = "Books.Infrastructure", "samples\BooksWebApi\Core\Books.Infrastructure\Books.Infrastructure.csproj", "{7445D201-732D-4D09-A68E-C510690D9D9E}"
EndProject
Project("{2150E333-8FDC-42A3-9474-1A3956D46DE8}") = "tests", "tests", "{F7E17608-8D0B-4578-8283-DB32A396779A}"
EndProject
Project("{FAE04EC0-301F-11D3-BF4B-00C04F79EFBC}") = "MitMediator.AppAuthorize.Tests", "tests\MitMediator.AppAuthorize.Tests\MitMediator.AppAuthorize.Tests.csproj", "{57279D75-85C8-4BED-A52F-55D58215E0AA}"
EndProject
Project("{FAE04EC0-301F-11D3-BF4B-00C04F79EFBC}") = "MitMediator.AppAuthorize.Web.Tests", "tests\MitMediator.AppAuthorize.Web.Tests\MitMediator.AppAuthorize.Web.Tests.csproj", "{EDDB49A7-5694-4FD8-8451-9581D93BE348}"
EndProject
Project("{FAE04EC0-301F-11D3-BF4B-00C04F79EFBC}") = "MitMediator.AppAuthorize.ClientMediator", "src\MitMediator.AppAuthorize.ClientMediator\MitMediator.AppAuthorize.ClientMediator.csproj", "{556A26FE-ECE8-441A-B6DE-12DC37E163A8}"
EndProject
Project("{FAE04EC0-301F-11D3-BF4B-00C04F79EFBC}") = "SimpleHttpMediatorConsoleApp", "samples\SimpleHttpMediatorConsoleApp\SimpleHttpMediatorConsoleApp.csproj", "{A6A4FC6C-59E3-4690-BCC0-EFF0A678A1E0}"
EndProject
Project("{FAE04EC0-301F-11D3-BF4B-00C04F79EFBC}") = "MitMediator.AppAuthorize.ClientMediator.Tests", "tests\MitMediator.AppAuthorize.ClientMediator.Tests\MitMediator.AppAuthorize.ClientMediator.Tests.csproj", "{81D18737-0075-487B-85D3-01B454454A1A}"
EndProject
Global
	GlobalSection(SolutionConfigurationPlatforms) = preSolution
		Debug|Any CPU = Debug|Any CPU
		Release|Any CPU = Release|Any CPU
	EndGlobalSection
	GlobalSection(ProjectConfigurationPlatforms) = postSolution
		{FA27803B-B4F2-40EA-A630-3BBA0C77D342}.Debug|Any CPU.ActiveCfg = Debug|Any CPU
		{FA27803B-B4F2-40EA-A630-3BBA0C77D342}.Debug|Any CPU.Build.0 = Debug|Any CPU
		{FA27803B-B4F2-40EA-A630-3BBA0C77D342}.Release|Any CPU.ActiveCfg = Release|Any CPU
		{FA27803B-B4F2-40EA-A630-3BBA0C77D342}.Release|Any CPU.Build.0 = Release|Any CPU
		{582F5528-473D-4F7F-BCA9-31A8C8C83B9C}.Debug|Any CPU.ActiveCfg = Debug|Any CPU
		{582F5528-473D-4F7F-BCA9-31A8C8C83B9C}.Debug|Any CPU.Build.0 = Debug|Any CPU
		{582F5528-473D-4F7F-BCA9-31A8C8C83B9C}.Release|Any CPU.ActiveCfg = Release|Any CPU
		{582F5528-473D-4F7F-BCA9-31A8C8C83B9C}.Release|Any CPU.Build.0 = Release|Any CPU
		{813DD704-9132-4DDC-9225-400DC539C9A7}.Debug|Any CPU.ActiveCfg = Debug|Any CPU
		{813DD704-9132-4DDC-9225-400DC539C9A7}.Debug|Any CPU.Build.0 = Debug|Any CPU
		{813DD704-9132-4DDC-9225-400DC539C9A7}.Release|Any CPU.ActiveCfg = Release|Any CPU
		{813DD704-9132-4DDC-9225-400DC539C9A7}.Release|Any CPU.Build.0 = Release|Any CPU
		{5C59864A-7A2A-4CC9-B4B2-EF13293C6345}.Debug|Any CPU.ActiveCfg = Debug|Any CPU
		{5C59864A-7A2A-4CC9-B4B2-EF13293C6345}.Debug|Any CPU.Build.0 = Debug|Any CPU
		{5C59864A-7A2A-4CC9-B4B2-EF13293C6345}.Release|Any CPU.ActiveCfg = Release|Any CPU
		{5C59864A-7A2A-4CC9-B4B2-EF13293C6345}.Release|Any CPU.Build.0 = Release|Any CPU
		{CF9896A3-577E-4C50-8531-F5F1FF0FA552}.Debug|Any CPU.ActiveCfg = Debug|Any CPU
		{CF9896A3-577E-4C50-8531-F5F1FF0FA552}.Debug|Any CPU.Build.0 = Debug|Any CPU
		{CF9896A3-577E-4C50-8531-F5F1FF0FA552}.Release|Any CPU.ActiveCfg = Release|Any CPU
		{CF9896A3-577E-4C50-8531-F5F1FF0FA552}.Release|Any CPU.Build.0 = Release|Any CPU
		{48634015-6C64-4A13-84F5-169D46FD626F}.Debug|Any CPU.ActiveCfg = Debug|Any CPU
		{48634015-6C64-4A13-84F5-169D46FD626F}.Debug|Any CPU.Build.0 = Debug|Any CPU
		{48634015-6C64-4A13-84F5-169D46FD626F}.Release|Any CPU.ActiveCfg = Release|Any CPU
		{48634015-6C64-4A13-84F5-169D46FD626F}.Release|Any CPU.Build.0 = Release|Any CPU
		{1B714A14-9325-4C8D-B2CC-349BE707BC17}.Debug|Any CPU.ActiveCfg = Debug|Any CPU
		{1B714A14-9325-4C8D-B2CC-349BE707BC17}.Debug|Any CPU.Build.0 = Debug|Any CPU
		{1B714A14-9325-4C8D-B2CC-349BE707BC17}.Release|Any CPU.ActiveCfg = Release|Any CPU
		{1B714A14-9325-4C8D-B2CC-349BE707BC17}.Release|Any CPU.Build.0 = Release|Any CPU
		{43D69468-FA3A-4442-9743-260DC3EDB4EA}.Debug|Any CPU.ActiveCfg = Debug|Any CPU
		{43D69468-FA3A-4442-9743-260DC3EDB4EA}.Debug|Any CPU.Build.0 = Debug|Any CPU
		{43D69468-FA3A-4442-9743-260DC3EDB4EA}.Release|Any CPU.ActiveCfg = Release|Any CPU
		{43D69468-FA3A-4442-9743-260DC3EDB4EA}.Release|Any CPU.Build.0 = Release|Any CPU
		{0AA21585-C6A2-4024-91E2-7469BC5E0837}.Debug|Any CPU.ActiveCfg = Debug|Any CPU
		{0AA21585-C6A2-4024-91E2-7469BC5E0837}.Debug|Any CPU.Build.0 = Debug|Any CPU
		{0AA21585-C6A2-4024-91E2-7469BC5E0837}.Release|Any CPU.ActiveCfg = Release|Any CPU
		{0AA21585-C6A2-4024-91E2-7469BC5E0837}.Release|Any CPU.Build.0 = Release|Any CPU
		{7445D201-732D-4D09-A68E-C510690D9D9E}.Debug|Any CPU.ActiveCfg = Debug|Any CPU
		{7445D201-732D-4D09-A68E-C510690D9D9E}.Debug|Any CPU.Build.0 = Debug|Any CPU
		{7445D201-732D-4D09-A68E-C510690D9D9E}.Release|Any CPU.ActiveCfg = Release|Any CPU
		{7445D201-732D-4D09-A68E-C510690D9D9E}.Release|Any CPU.Build.0 = Release|Any CPU
		{57279D75-85C8-4BED-A52F-55D58215E0AA}.Debug|Any CPU.ActiveCfg = Debug|Any CPU
		{57279D75-85C8-4BED-A52F-55D58215E0AA}.Debug|Any CPU.Build.0 = Debug|Any CPU
		{57279D75-85C8-4BED-A52F-55D58215E0AA}.Release|Any CPU.ActiveCfg = Release|Any CPU
		{57279D75-85C8-4BED-A52F-55D58215E0AA}.Release|Any CPU.Build.0 = Release|Any CPU
		{EDDB49A7-5694-4FD8-8451-9581D93BE348}.Debug|Any CPU.ActiveCfg = Debug|Any CPU
		{EDDB49A7-5694-4FD8-8451-9581D93BE348}.Debug|Any CPU.Build.0 = Debug|Any CPU
		{EDDB49A7-5694-4FD8-8451-9581D93BE348}.Release|Any CPU.ActiveCfg = Release|Any CPU
		{EDDB49A7-5694-4FD8-8451-9581D93BE348}.Release|Any CPU.Build.0 = Release|Any CPU
		{556A26FE-ECE8-441A-B6DE-12DC37E163A8}.Debug|Any CPU.ActiveCfg = Debug|Any CPU
		{556A26FE-ECE8-441A-B6DE-12DC37E163A8}.Debug|Any CPU.Build.0 = Debug|Any CPU
		{556A26FE-ECE8-441A-B6DE-12DC37E163A8}.Release|Any CPU.ActiveCfg = Release|Any CPU
		{556A26FE-ECE8-441A-B6DE-12DC37E163A8}.Release|Any CPU.Build.0 = Release|Any CPU
		{A6A4FC6C-59E3-4690-BCC0-EFF0A678A1E0}.Debug|Any CPU.ActiveCfg = Debug|Any CPU
		{A6A4FC6C-59E3-4690-BCC0-EFF0A678A1E0}.Debug|Any CPU.Build.0 = Debug|Any CPU
		{A6A4FC6C-59E3-4690-BCC0-EFF0A678A1E0}.Release|Any CPU.ActiveCfg = Release|Any CPU
		{A6A4FC6C-59E3-4690-BCC0-EFF0A678A1E0}.Release|Any CPU.Build.0 = Release|Any CPU
		{81D18737-0075-487B-85D3-01B454454A1A}.Debug|Any CPU.ActiveCfg = Debug|Any CPU
		{81D18737-0075-487B-85D3-01B454454A1A}.Debug|Any CPU.Build.0 = Debug|Any CPU
		{81D18737-0075-487B-85D3-01B454454A1A}.Release|Any CPU.ActiveCfg = Release|Any CPU
		{81D18737-0075-487B-85D3-01B454454A1A}.Release|Any CPU.Build.0 = Release|Any CPU
	EndGlobalSection
	GlobalSection(NestedProjects) = preSolution
		{FA27803B-B4F2-40EA-A630-3BBA0C77D342} = {DDC228B6-C852-4479-A44A-7527051E7A6D}
		{582F5528-473D-4F7F-BCA9-31A8C8C83B9C} = {E6FB3C94-7B67-49F4-8945-7A729EC7C911}
		{2B5E689B-9F60-4F72-8D95-E9BA0C8D1898} = {E6FB3C94-7B67-49F4-8945-7A729EC7C911}
		{3FA9B761-0D10-4F43-9845-5BF93BD22FB3} = {2B5E689B-9F60-4F72-8D95-E9BA0C8D1898}
		{5C59864A-7A2A-4CC9-B4B2-EF13293C6345} = {DDC228B6-C852-4479-A44A-7527051E7A6D}
		{CF9896A3-577E-4C50-8531-F5F1FF0FA552} = {E6FB3C94-7B67-49F4-8945-7A729EC7C911}
		{48634015-6C64-4A13-84F5-169D46FD626F} = {E6FB3C94-7B67-49F4-8945-7A729EC7C911}
		{813DD704-9132-4DDC-9225-400DC539C9A7} = {2B5E689B-9F60-4F72-8D95-E9BA0C8D1898}
		{1B714A14-9325-4C8D-B2CC-349BE707BC17} = {2B5E689B-9F60-4F72-8D95-E9BA0C8D1898}
		{43D69468-FA3A-4442-9743-260DC3EDB4EA} = {3FA9B761-0D10-4F43-9845-5BF93BD22FB3}
		{0AA21585-C6A2-4024-91E2-7469BC5E0837} = {3FA9B761-0D10-4F43-9845-5BF93BD22FB3}
		{7445D201-732D-4D09-A68E-C510690D9D9E} = {3FA9B761-0D10-4F43-9845-5BF93BD22FB3}
		{57279D75-85C8-4BED-A52F-55D58215E0AA} = {F7E17608-8D0B-4578-8283-DB32A396779A}
		{EDDB49A7-5694-4FD8-8451-9581D93BE348} = {F7E17608-8D0B-4578-8283-DB32A396779A}
		{556A26FE-ECE8-441A-B6DE-12DC37E163A8} = {DDC228B6-C852-4479-A44A-7527051E7A6D}
		{A6A4FC6C-59E3-4690-BCC0-EFF0A678A1E0} = {E6FB3C94-7B67-49F4-8945-7A729EC7C911}
		{81D18737-0075-487B-85D3-01B454454A1A} = {F7E17608-8D0B-4578-8283-DB32A396779A}
	EndGlobalSection
EndGlobal
